
Microsoft Visual Studio Solution File, Format Version 12.00
# Visual Studio Version 16
VisualStudioVersion = 16.0.32126.315
MinimumVisualStudioVersion = 10.0.40219.1
Project("{FAE04EC0-301F-11D3-BF4B-00C04F79EFBC}") = "calculator", "calculator\calculator.csproj", "{F5B73585-BD42-4497-AF90-DFF11A15E772}"
EndProject
Global
	GlobalSection(SolutionConfigurationPlatforms) = preSolution
		Debug|Any CPU = Debug|Any CPU
		Release|Any CPU = Release|Any CPU
	EndGlobalSection
	GlobalSection(ProjectConfigurationPlatforms) = postSolution
		{F5B73585-BD42-4497-AF90-DFF11A15E772}.Debug|Any CPU.ActiveCfg = Debug|Any CPU
		{F5B73585-BD42-4497-AF90-DFF11A15E772}.Debug|Any CPU.Build.0 = Debug|Any CPU
		{F5B73585-BD42-4497-AF90-DFF11A15E772}.Release|Any CPU.ActiveCfg = Release|Any CPU
		{F5B73585-BD42-4497-AF90-DFF11A15E772}.Release|Any CPU.Build.0 = Release|Any CPU
	EndGlobalSection
	GlobalSection(SolutionProperties) = preSolution
		HideSolutionNode = FALSE
	EndGlobalSection
	GlobalSection(ExtensibilityGlobals) = postSolution
		SolutionGuid = {1B1E4826-553C-45F1-9E8B-1E347C8D7EA1}
	EndGlobalSection
EndGlobal
